
Microsoft Visual Studio Solution File, Format Version 12.00
# Visual Studio Version 17
VisualStudioVersion = 17.9.34902.65
MinimumVisualStudioVersion = 10.0.40219.1
Project("{2150E333-8FDC-42A3-9474-1A3956D46DE8}") = "Documents", "Documents", "{B0728F20-D52D-4AFC-8CF4-85CE9FFF2A66}"
EndProject
Project("{2150E333-8FDC-42A3-9474-1A3956D46DE8}") = "Src", "Src", "{B87C9AE5-E36D-4888-B4AC-16465F4B1529}"
EndProject
Project("{2150E333-8FDC-42A3-9474-1A3956D46DE8}") = "Test", "Test", "{7AA25A71-B4B5-4C82-A304-850DBADF0EA4}"
EndProject
Project("{2150E333-8FDC-42A3-9474-1A3956D46DE8}") = "Domain", "Domain", "{91564064-4202-49E4-B8D3-2C93C4060C97}"
EndProject
Project("{2150E333-8FDC-42A3-9474-1A3956D46DE8}") = "Persistence", "Persistence", "{86892F96-3508-4324-900B-15873B96E789}"
EndProject
Project("{9A19103F-16F7-4668-BE54-9A1E7A4F7556}") = "Entites", "Entites\Entites.csproj", "{BCC3EA18-5221-48B0-9384-24436855602A}"
EndProject
Project("{9A19103F-16F7-4668-BE54-9A1E7A4F7556}") = "App.Context", "App.Context\App.Context.csproj", "{ACF4BD67-3A39-4CD6-9919-1D1BA00D1C5D}"
EndProject
Project("{FAE04EC0-301F-11D3-BF4B-00C04F79EFBC}") = "App.Web", "App.Web\App.Web.csproj", "{C3695E4A-914F-4489-A6C1-33587B0F673E}"
EndProject
Global
	GlobalSection(SolutionConfigurationPlatforms) = preSolution
		Debug|Any CPU = Debug|Any CPU
		Release|Any CPU = Release|Any CPU
	EndGlobalSection
	GlobalSection(ProjectConfigurationPlatforms) = postSolution
		{BCC3EA18-5221-48B0-9384-24436855602A}.Debug|Any CPU.ActiveCfg = Debug|Any CPU
		{BCC3EA18-5221-48B0-9384-24436855602A}.Debug|Any CPU.Build.0 = Debug|Any CPU
		{BCC3EA18-5221-48B0-9384-24436855602A}.Release|Any CPU.ActiveCfg = Release|Any CPU
		{BCC3EA18-5221-48B0-9384-24436855602A}.Release|Any CPU.Build.0 = Release|Any CPU
		{ACF4BD67-3A39-4CD6-9919-1D1BA00D1C5D}.Debug|Any CPU.ActiveCfg = Debug|Any CPU
		{ACF4BD67-3A39-4CD6-9919-1D1BA00D1C5D}.Debug|Any CPU.Build.0 = Debug|Any CPU
		{ACF4BD67-3A39-4CD6-9919-1D1BA00D1C5D}.Release|Any CPU.ActiveCfg = Release|Any CPU
		{ACF4BD67-3A39-4CD6-9919-1D1BA00D1C5D}.Release|Any CPU.Build.0 = Release|Any CPU
		{C3695E4A-914F-4489-A6C1-33587B0F673E}.Debug|Any CPU.ActiveCfg = Debug|Any CPU
		{C3695E4A-914F-4489-A6C1-33587B0F673E}.Debug|Any CPU.Build.0 = Debug|Any CPU
		{C3695E4A-914F-4489-A6C1-33587B0F673E}.Release|Any CPU.ActiveCfg = Release|Any CPU
		{C3695E4A-914F-4489-A6C1-33587B0F673E}.Release|Any CPU.Build.0 = Release|Any CPU
	EndGlobalSection
	GlobalSection(SolutionProperties) = preSolution
		HideSolutionNode = FALSE
	EndGlobalSection
	GlobalSection(NestedProjects) = preSolution
		{91564064-4202-49E4-B8D3-2C93C4060C97} = {B87C9AE5-E36D-4888-B4AC-16465F4B1529}
		{86892F96-3508-4324-900B-15873B96E789} = {B87C9AE5-E36D-4888-B4AC-16465F4B1529}
		{BCC3EA18-5221-48B0-9384-24436855602A} = {91564064-4202-49E4-B8D3-2C93C4060C97}
		{ACF4BD67-3A39-4CD6-9919-1D1BA00D1C5D} = {86892F96-3508-4324-900B-15873B96E789}
		{C3695E4A-914F-4489-A6C1-33587B0F673E} = {B87C9AE5-E36D-4888-B4AC-16465F4B1529}
	EndGlobalSection
	GlobalSection(ExtensibilityGlobals) = postSolution
		SolutionGuid = {BA5466C7-01D5-4943-AD6E-6314D62A776C}
	EndGlobalSection
EndGlobal
